
Microsoft Visual Studio Solution File, Format Version 12.00
# Visual Studio Version 16
VisualStudioVersion = 25.0.1706.3
MinimumVisualStudioVersion = 10.0.40219.1
Project("{FAE04EC0-301F-11D3-BF4B-00C04F79EFBC}") = "HockeyClassLibrary", "HockeyClassLibrary.csproj", "{66D32621-BB01-4494-B79B-D2F25CCD5983}"
EndProject
Project("{2150E333-8FDC-42A3-9474-1A3956D46DE8}") = "Solution Items", "Solution Items", "{62825334-A6F0-46C6-A8AE-35A24A11DFE0}"
	ProjectSection(SolutionItems) = preProject
		EmptyClass.cs = EmptyClass.cs
	EndProjectSection
EndProject
Project("{FAE04EC0-301F-11D3-BF4B-00C04F79EFBC}") = "Utilities", "..\Utilities\Utilities.csproj", "{98FEF08C-4511-4E4A-8D95-0AAAE969433C}"
EndProject
Project("{FAE04EC0-301F-11D3-BF4B-00C04F79EFBC}") = "HockeyConsoleApp", "..\HockeyConsoleApp\HockeyConsoleApp.csproj", "{5AE8EA82-3F50-4D51-889E-EF7428355B9F}"
EndProject
Project("{FAE04EC0-301F-11D3-BF4B-00C04F79EFBC}") = "HockeyTestProject", "..\HockeyTestProject\HockeyTestProject.csproj", "{E3C0078B-21FF-4C51-92E8-714568FE61C7}"
EndProject
Project("{FAE04EC0-301F-11D3-BF4B-00C04F79EFBC}") = "UtilitiesTestProject", "..\UtilitiesTestProject\UtilitiesTestProject.csproj", "{93AC90BA-9B69-465D-BE41-988DC92F81BF}"
EndProject
Project("{FAE04EC0-301F-11D3-BF4B-00C04F79EFBC}") = "ObjectClassLibrary", "..\ObjectClassLibrary\ObjectClassLibrary.csproj", "{3E2A80C2-77FF-436C-BBEA-E931CBB711A3}"
EndProject
Project("{FAE04EC0-301F-11D3-BF4B-00C04F79EFBC}") = "ObjectClassLibraryTest", "..\ObjectClassLibraryTest\ObjectClassLibraryTest.csproj", "{1272E91A-8E55-4A01-A8DC-1DFF38E8FE68}"
EndProject
Project("{FAE04EC0-301F-11D3-BF4B-00C04F79EFBC}") = "BlazorSampleApp", "..\BlazorSampleApp\BlazorSampleApp.csproj", "{9665D069-BB51-4556-BAA2-5AB304775286}"
EndProject
Global
	GlobalSection(SolutionConfigurationPlatforms) = preSolution
		Debug|Any CPU = Debug|Any CPU
		Release|Any CPU = Release|Any CPU
	EndGlobalSection
	GlobalSection(ProjectConfigurationPlatforms) = postSolution
		{66D32621-BB01-4494-B79B-D2F25CCD5983}.Debug|Any CPU.ActiveCfg = Debug|Any CPU
		{66D32621-BB01-4494-B79B-D2F25CCD5983}.Debug|Any CPU.Build.0 = Debug|Any CPU
		{66D32621-BB01-4494-B79B-D2F25CCD5983}.Release|Any CPU.ActiveCfg = Release|Any CPU
		{66D32621-BB01-4494-B79B-D2F25CCD5983}.Release|Any CPU.Build.0 = Release|Any CPU
		{98FEF08C-4511-4E4A-8D95-0AAAE969433C}.Debug|Any CPU.ActiveCfg = Debug|Any CPU
		{98FEF08C-4511-4E4A-8D95-0AAAE969433C}.Debug|Any CPU.Build.0 = Debug|Any CPU
		{98FEF08C-4511-4E4A-8D95-0AAAE969433C}.Release|Any CPU.ActiveCfg = Release|Any CPU
		{98FEF08C-4511-4E4A-8D95-0AAAE969433C}.Release|Any CPU.Build.0 = Release|Any CPU
		{5AE8EA82-3F50-4D51-889E-EF7428355B9F}.Debug|Any CPU.ActiveCfg = Debug|Any CPU
		{5AE8EA82-3F50-4D51-889E-EF7428355B9F}.Debug|Any CPU.Build.0 = Debug|Any CPU
		{5AE8EA82-3F50-4D51-889E-EF7428355B9F}.Release|Any CPU.ActiveCfg = Release|Any CPU
		{5AE8EA82-3F50-4D51-889E-EF7428355B9F}.Release|Any CPU.Build.0 = Release|Any CPU
		{E3C0078B-21FF-4C51-92E8-714568FE61C7}.Debug|Any CPU.ActiveCfg = Debug|Any CPU
		{E3C0078B-21FF-4C51-92E8-714568FE61C7}.Debug|Any CPU.Build.0 = Debug|Any CPU
		{E3C0078B-21FF-4C51-92E8-714568FE61C7}.Release|Any CPU.ActiveCfg = Release|Any CPU
		{E3C0078B-21FF-4C51-92E8-714568FE61C7}.Release|Any CPU.Build.0 = Release|Any CPU
		{93AC90BA-9B69-465D-BE41-988DC92F81BF}.Debug|Any CPU.ActiveCfg = Debug|Any CPU
		{93AC90BA-9B69-465D-BE41-988DC92F81BF}.Debug|Any CPU.Build.0 = Debug|Any CPU
		{93AC90BA-9B69-465D-BE41-988DC92F81BF}.Release|Any CPU.ActiveCfg = Release|Any CPU
		{93AC90BA-9B69-465D-BE41-988DC92F81BF}.Release|Any CPU.Build.0 = Release|Any CPU
		{3E2A80C2-77FF-436C-BBEA-E931CBB711A3}.Debug|Any CPU.ActiveCfg = Debug|Any CPU
		{3E2A80C2-77FF-436C-BBEA-E931CBB711A3}.Debug|Any CPU.Build.0 = Debug|Any CPU
		{3E2A80C2-77FF-436C-BBEA-E931CBB711A3}.Release|Any CPU.ActiveCfg = Release|Any CPU
		{3E2A80C2-77FF-436C-BBEA-E931CBB711A3}.Release|Any CPU.Build.0 = Release|Any CPU
		{1272E91A-8E55-4A01-A8DC-1DFF38E8FE68}.Debug|Any CPU.ActiveCfg = Debug|Any CPU
		{1272E91A-8E55-4A01-A8DC-1DFF38E8FE68}.Debug|Any CPU.Build.0 = Debug|Any CPU
		{1272E91A-8E55-4A01-A8DC-1DFF38E8FE68}.Release|Any CPU.ActiveCfg = Release|Any CPU
		{1272E91A-8E55-4A01-A8DC-1DFF38E8FE68}.Release|Any CPU.Build.0 = Release|Any CPU
		{9665D069-BB51-4556-BAA2-5AB304775286}.Debug|Any CPU.ActiveCfg = Debug|Any CPU
		{9665D069-BB51-4556-BAA2-5AB304775286}.Debug|Any CPU.Build.0 = Debug|Any CPU
		{9665D069-BB51-4556-BAA2-5AB304775286}.Release|Any CPU.ActiveCfg = Release|Any CPU
		{9665D069-BB51-4556-BAA2-5AB304775286}.Release|Any CPU.Build.0 = Release|Any CPU
	EndGlobalSection
	GlobalSection(SolutionProperties) = preSolution
		HideSolutionNode = FALSE
	EndGlobalSection
	GlobalSection(ExtensibilityGlobals) = postSolution
		SolutionGuid = {9062ED2E-FC48-47DF-9D4C-8715547E5213}
	EndGlobalSection
EndGlobal
